// !$*UTF8*$!
{
	archiveVersion = 1;
	classes = {
	};
	objectVersion = 50;
	objects = {

/* Begin PBXBuildFile section */
		9D00091E24D5FC1200EDC2D4 /* ReverseGeocodingAPI.swift in Sources */ = {isa = PBXBuildFile; fileRef = 9D00091D24D5FC1200EDC2D4 /* ReverseGeocodingAPI.swift */; };
		9D0871B2247BF24500DA520C /* LocationView.swift in Sources */ = {isa = PBXBuildFile; fileRef = 9D0871B1247BF24500DA520C /* LocationView.swift */; };
		9D0888BC249CF14000E619FD /* UIView+Extensions.swift in Sources */ = {isa = PBXBuildFile; fileRef = 9D0888BB249CF13F00E619FD /* UIView+Extensions.swift */; };
		9D0FCB26245318D70074D005 /* AppDelegate.swift in Sources */ = {isa = PBXBuildFile; fileRef = 9D0FCB25245318D70074D005 /* AppDelegate.swift */; };
		9D0FCB28245318D70074D005 /* SceneDelegate.swift in Sources */ = {isa = PBXBuildFile; fileRef = 9D0FCB27245318D70074D005 /* SceneDelegate.swift */; };
		9D0FCB2A245318D70074D005 /* IntroViewController.swift in Sources */ = {isa = PBXBuildFile; fileRef = 9D0FCB29245318D70074D005 /* IntroViewController.swift */; };
		9D0FCB2F245318D80074D005 /* Assets.xcassets in Resources */ = {isa = PBXBuildFile; fileRef = 9D0FCB2E245318D80074D005 /* Assets.xcassets */; };
		9D0FCB32245318D80074D005 /* LaunchScreen.storyboard in Resources */ = {isa = PBXBuildFile; fileRef = 9D0FCB30245318D80074D005 /* LaunchScreen.storyboard */; };
		9D0FCF13245322B50074D005 /* BBCLogoView.swift in Sources */ = {isa = PBXBuildFile; fileRef = 9D0FCF12245322B50074D005 /* BBCLogoView.swift */; };
		9D0FCF15245329A20074D005 /* UIColor+Extensions.swift in Sources */ = {isa = PBXBuildFile; fileRef = 9D0FCF14245329A20074D005 /* UIColor+Extensions.swift */; };
		9D0FCF1724532ED10074D005 /* Theme.swift in Sources */ = {isa = PBXBuildFile; fileRef = 9D0FCF1624532ED10074D005 /* Theme.swift */; };
		9D0FCF3C25096CD800334F84 /* Button.swift in Sources */ = {isa = PBXBuildFile; fileRef = 9D0FCF3B25096CD800334F84 /* Button.swift */; };
		9D11719924759109003949DB /* WeatherService.swift in Sources */ = {isa = PBXBuildFile; fileRef = 9D11719824759109003949DB /* WeatherService.swift */; };
		9D11719B24759264003949DB /* WeatherResponse.swift in Sources */ = {isa = PBXBuildFile; fileRef = 9D11719A24759264003949DB /* WeatherResponse.swift */; };
		9D11719D24769F85003949DB /* WeatherRequestParameters.swift in Sources */ = {isa = PBXBuildFile; fileRef = 9D11719C24769F85003949DB /* WeatherRequestParameters.swift */; };
		9D1177E32476F478003949DB /* HeaderView.swift in Sources */ = {isa = PBXBuildFile; fileRef = 9D1177E22476F478003949DB /* HeaderView.swift */; };
		9D11FD0D2498F943002C2387 /* SymbolString.swift in Sources */ = {isa = PBXBuildFile; fileRef = 9D11FD0C2498F943002C2387 /* SymbolString.swift */; };
		9D13A90D248ECB9000613184 /* DailyForecast.swift in Sources */ = {isa = PBXBuildFile; fileRef = 9D13A90C248ECB9000613184 /* DailyForecast.swift */; };
		9D13A90F248EDA1C00613184 /* HourlyForecast.swift in Sources */ = {isa = PBXBuildFile; fileRef = 9D13A90E248EDA1C00613184 /* HourlyForecast.swift */; };
		9D186913249AC61000D8978B /* WeatherIconView.swift in Sources */ = {isa = PBXBuildFile; fileRef = 9D186912249AC61000D8978B /* WeatherIconView.swift */; };
		9D1D911024A5F84000AB3E46 /* Double+Extensions.swift in Sources */ = {isa = PBXBuildFile; fileRef = 9D1D910F24A5F84000AB3E46 /* Double+Extensions.swift */; };
		9D2BF7C0245B3F1500ED3207 /* HomeCoordinator.swift in Sources */ = {isa = PBXBuildFile; fileRef = 9D2BF7BF245B3F1500ED3207 /* HomeCoordinator.swift */; };
		9D3381B824E6E0FE00A44A52 /* LocationErrorView.swift in Sources */ = {isa = PBXBuildFile; fileRef = 9D3381B724E6E0FE00A44A52 /* LocationErrorView.swift */; };
		9D3E7E62248A8C8C00A4A248 /* Observable.swift in Sources */ = {isa = PBXBuildFile; fileRef = 9D3E7E61248A8C8C00A4A248 /* Observable.swift */; };
		9D3E7E64248AA97400A4A248 /* CLLocationCoordinate2D+Extensions.swift in Sources */ = {isa = PBXBuildFile; fileRef = 9D3E7E63248AA97400A4A248 /* CLLocationCoordinate2D+Extensions.swift */; };
		9D4AC1F424C49BE900A9C6B7 /* SearchModel.swift in Sources */ = {isa = PBXBuildFile; fileRef = 9D4AC1F324C49BE900A9C6B7 /* SearchModel.swift */; };
		9D5241162486DB0E005A8F1A /* SnapKit.framework in Frameworks */ = {isa = PBXBuildFile; fileRef = 9DBD7D6F247822F100763647 /* SnapKit.framework */; };
		9D5241172486DB0E005A8F1A /* SnapKit.framework in Embed Frameworks */ = {isa = PBXBuildFile; fileRef = 9DBD7D6F247822F100763647 /* SnapKit.framework */; settings = {ATTRIBUTES = (CodeSignOnCopy, RemoveHeadersOnCopy, ); }; };
		9D5241562486ECF1005A8F1A /* LocationViewModel.swift in Sources */ = {isa = PBXBuildFile; fileRef = 9D5241552486ECF1005A8F1A /* LocationViewModel.swift */; };
		9D5326A024B7AE06008B92B8 /* Suggestion.swift in Sources */ = {isa = PBXBuildFile; fileRef = 9D53269F24B7AE06008B92B8 /* Suggestion.swift */; };
		9D5326A224B7C051008B92B8 /* ExampleSuggestionCall.json in Resources */ = {isa = PBXBuildFile; fileRef = 9D5326A124B7C051008B92B8 /* ExampleSuggestionCall.json */; };
		9D657A5A24AA14CC0041D0A1 /* RGBLoadingView.swift in Sources */ = {isa = PBXBuildFile; fileRef = 9D657A5924AA14CC0041D0A1 /* RGBLoadingView.swift */; };
		9D76541124B8B443008B5A17 /* SearchViewModel.swift in Sources */ = {isa = PBXBuildFile; fileRef = 9D76541024B8B443008B5A17 /* SearchViewModel.swift */; };
		9D7AD5A7250C1455001A80F7 /* ImageView.swift in Sources */ = {isa = PBXBuildFile; fileRef = 9D7AD5A6250C1455001A80F7 /* ImageView.swift */; };
		9D7E10F72473291800B06C1C /* WeatherAPI.swift in Sources */ = {isa = PBXBuildFile; fileRef = 9D7E10F62473291800B06C1C /* WeatherAPI.swift */; };
		9D7E10F92473297100B06C1C /* API.swift in Sources */ = {isa = PBXBuildFile; fileRef = 9D7E10F82473297100B06C1C /* API.swift */; };
		9D8CBB0D24C4BB2C0027C37E /* LocationModel.swift in Sources */ = {isa = PBXBuildFile; fileRef = 9D8CBB0C24C4BB2C0027C37E /* LocationModel.swift */; };
		9D90936D2575AF5A00AFB494 /* NoLocationViewController.swift in Sources */ = {isa = PBXBuildFile; fileRef = 9D90936C2575AF5A00AFB494 /* NoLocationViewController.swift */; };
		9D962BBB255EED83002BFCED /* FadeInAnimationController.swift in Sources */ = {isa = PBXBuildFile; fileRef = 9D962BBA255EED83002BFCED /* FadeInAnimationController.swift */; };
		9D962BC0255F16DA002BFCED /* HomeFactory.swift in Sources */ = {isa = PBXBuildFile; fileRef = 9D962BBF255F16DA002BFCED /* HomeFactory.swift */; };
		9D99F2FD24DC182A00C262A9 /* DeviceLocationProvider.swift in Sources */ = {isa = PBXBuildFile; fileRef = 9D99F2FC24DC182A00C262A9 /* DeviceLocationProvider.swift */; };
		9D9C200224B505CE0013AD72 /* SuggestionsService.swift in Sources */ = {isa = PBXBuildFile; fileRef = 9D9C200124B505CE0013AD72 /* SuggestionsService.swift */; };
		9D9C200424B506330013AD72 /* SuggestionsAPI.swift in Sources */ = {isa = PBXBuildFile; fileRef = 9D9C200324B506330013AD72 /* SuggestionsAPI.swift */; };
		9D9C200624B5082A0013AD72 /* SuggestionsResponse.swift in Sources */ = {isa = PBXBuildFile; fileRef = 9D9C200524B5082A0013AD72 /* SuggestionsResponse.swift */; };
		9D9DC64B247FF2370005E4CB /* Localizable.strings in Resources */ = {isa = PBXBuildFile; fileRef = 9D9DC64A247FF2370005E4CB /* Localizable.strings */; };
		9DAABF6C24A3E82500AC17E6 /* DayCollectionViewDataSource.swift in Sources */ = {isa = PBXBuildFile; fileRef = 9DAABF6B24A3E82500AC17E6 /* DayCollectionViewDataSource.swift */; };
		9DAB019D2479A8BF005ED04C /* LocationViewController.swift in Sources */ = {isa = PBXBuildFile; fileRef = 9DAB019C2479A8BF005ED04C /* LocationViewController.swift */; };
		9DAE20182493DA9600B2C284 /* ForecastCollectionViewDataSource.swift in Sources */ = {isa = PBXBuildFile; fileRef = 9DAE20172493DA9600B2C284 /* ForecastCollectionViewDataSource.swift */; };
		9DAE20572493E19900B2C284 /* DailyForecastCollectionViewCell.swift in Sources */ = {isa = PBXBuildFile; fileRef = 9DAE20562493E19900B2C284 /* DailyForecastCollectionViewCell.swift */; };
		9DAE20592493E1BB00B2C284 /* HourlyForecastCollectionViewCell.swift in Sources */ = {isa = PBXBuildFile; fileRef = 9DAE20582493E1BB00B2C284 /* HourlyForecastCollectionViewCell.swift */; };
		9DAE205D2493FAD400B2C284 /* DayCollectionViewCell.swift in Sources */ = {isa = PBXBuildFile; fileRef = 9DAE205C2493FAD400B2C284 /* DayCollectionViewCell.swift */; };
		9DAEA0EF24AD165D00409D9F /* SearchViewController.swift in Sources */ = {isa = PBXBuildFile; fileRef = 9DAEA0EE24AD165D00409D9F /* SearchViewController.swift */; };
		9DB9A36D24F047F5008BC59B /* HomeViewModel.swift in Sources */ = {isa = PBXBuildFile; fileRef = 9DB9A36C24F047F5008BC59B /* HomeViewModel.swift */; };
		9DBE45D424C5FC9400E1CB11 /* PaddableTextField.swift in Sources */ = {isa = PBXBuildFile; fileRef = 9DBE45D324C5FC9400E1CB11 /* PaddableTextField.swift */; };
		9DC195802572E6A1002E367B /* String+Extensions.swift in Sources */ = {isa = PBXBuildFile; fileRef = 9DC1957F2572E6A1002E367B /* String+Extensions.swift */; };
		9DC563F9245C734600A0C8CD /* HomeViewController.swift in Sources */ = {isa = PBXBuildFile; fileRef = 9DC563F8245C734600A0C8CD /* HomeViewController.swift */; };
		9DD3C1B32576DDAD00A29AB8 /* WeatherAppTests.swift in Sources */ = {isa = PBXBuildFile; fileRef = 9DD3C1B22576DDAD00A29AB8 /* WeatherAppTests.swift */; };
		9DDCDEC124D222F500DB814C /* Date+Extensions.swift in Sources */ = {isa = PBXBuildFile; fileRef = 9DDCDEC024D222F500DB814C /* Date+Extensions.swift */; };
		9DDE0BF4256D84AB0050166B /* LocationPageViewControllerDataSource.swift in Sources */ = {isa = PBXBuildFile; fileRef = 9D24E42D250FB4C0003273CD /* LocationPageViewControllerDataSource.swift */; };
		9DF060FB24B76A3700E8EDDE /* SuggestionsRequestParameters.swift in Sources */ = {isa = PBXBuildFile; fileRef = 9DF060FA24B76A3700E8EDDE /* SuggestionsRequestParameters.swift */; };
		9DF1214624D47BBA001845BD /* Defaults.swift in Sources */ = {isa = PBXBuildFile; fileRef = 9DF1214524D47BBA001845BD /* Defaults.swift */; };
		9DF6984B248169FB00C9BEC8 /* LocationForecast.swift in Sources */ = {isa = PBXBuildFile; fileRef = 9DF6984A248169FB00C9BEC8 /* LocationForecast.swift */; };
		9DF69C18248175C200C9BEC8 /* ExampleWeatherCall.json in Resources */ = {isa = PBXBuildFile; fileRef = 9DF69C17248175C200C9BEC8 /* ExampleWeatherCall.json */; };
		9DFC2E9C2561D92900E1908D /* LocationStore.swift in Sources */ = {isa = PBXBuildFile; fileRef = 9DFC2E9B2561D92900E1908D /* LocationStore.swift */; };
/* End PBXBuildFile section */

/* Begin PBXContainerItemProxy section */
		9DD3C1B52576DDAD00A29AB8 /* PBXContainerItemProxy */ = {
			isa = PBXContainerItemProxy;
			containerPortal = 9D0FCB1A245318D70074D005 /* Project object */;
			proxyType = 1;
			remoteGlobalIDString = 9D0FCB21245318D70074D005;
			remoteInfo = WeatherApp;
		};
/* End PBXContainerItemProxy section */

/* Begin PBXCopyFilesBuildPhase section */
		9D5241182486DB0E005A8F1A /* Embed Frameworks */ = {
			isa = PBXCopyFilesBuildPhase;
			buildActionMask = 2147483647;
			dstPath = "";
			dstSubfolderSpec = 10;
			files = (
				9D5241172486DB0E005A8F1A /* SnapKit.framework in Embed Frameworks */,
			);
			name = "Embed Frameworks";
			runOnlyForDeploymentPostprocessing = 0;
		};
/* End PBXCopyFilesBuildPhase section */

/* Begin PBXFileReference section */
		9D00091D24D5FC1200EDC2D4 /* ReverseGeocodingAPI.swift */ = {isa = PBXFileReference; lastKnownFileType = sourcecode.swift; path = ReverseGeocodingAPI.swift; sourceTree = "<group>"; };
		9D0871B1247BF24500DA520C /* LocationView.swift */ = {isa = PBXFileReference; lastKnownFileType = sourcecode.swift; path = LocationView.swift; sourceTree = "<group>"; };
		9D0888BB249CF13F00E619FD /* UIView+Extensions.swift */ = {isa = PBXFileReference; lastKnownFileType = sourcecode.swift; path = "UIView+Extensions.swift"; sourceTree = "<group>"; };
		9D0FCB22245318D70074D005 /* WeatherApp.app */ = {isa = PBXFileReference; explicitFileType = wrapper.application; includeInIndex = 0; path = WeatherApp.app; sourceTree = BUILT_PRODUCTS_DIR; };
		9D0FCB25245318D70074D005 /* AppDelegate.swift */ = {isa = PBXFileReference; lastKnownFileType = sourcecode.swift; path = AppDelegate.swift; sourceTree = "<group>"; };
		9D0FCB27245318D70074D005 /* SceneDelegate.swift */ = {isa = PBXFileReference; lastKnownFileType = sourcecode.swift; path = SceneDelegate.swift; sourceTree = "<group>"; };
		9D0FCB29245318D70074D005 /* IntroViewController.swift */ = {isa = PBXFileReference; lastKnownFileType = sourcecode.swift; path = IntroViewController.swift; sourceTree = "<group>"; };
		9D0FCB2E245318D80074D005 /* Assets.xcassets */ = {isa = PBXFileReference; lastKnownFileType = folder.assetcatalog; path = Assets.xcassets; sourceTree = "<group>"; };
		9D0FCB31245318D80074D005 /* Base */ = {isa = PBXFileReference; lastKnownFileType = file.storyboard; name = Base; path = Base.lproj/LaunchScreen.storyboard; sourceTree = "<group>"; };
		9D0FCB33245318D80074D005 /* Info.plist */ = {isa = PBXFileReference; lastKnownFileType = text.plist.xml; path = Info.plist; sourceTree = "<group>"; };
		9D0FCF12245322B50074D005 /* BBCLogoView.swift */ = {isa = PBXFileReference; lastKnownFileType = sourcecode.swift; path = BBCLogoView.swift; sourceTree = "<group>"; };
		9D0FCF14245329A20074D005 /* UIColor+Extensions.swift */ = {isa = PBXFileReference; lastKnownFileType = sourcecode.swift; path = "UIColor+Extensions.swift"; sourceTree = "<group>"; };
		9D0FCF1624532ED10074D005 /* Theme.swift */ = {isa = PBXFileReference; lastKnownFileType = sourcecode.swift; path = Theme.swift; sourceTree = "<group>"; };
		9D0FCF3B25096CD800334F84 /* Button.swift */ = {isa = PBXFileReference; lastKnownFileType = sourcecode.swift; path = Button.swift; sourceTree = "<group>"; };
		9D11719824759109003949DB /* WeatherService.swift */ = {isa = PBXFileReference; lastKnownFileType = sourcecode.swift; path = WeatherService.swift; sourceTree = "<group>"; };
		9D11719A24759264003949DB /* WeatherResponse.swift */ = {isa = PBXFileReference; lastKnownFileType = sourcecode.swift; path = WeatherResponse.swift; sourceTree = "<group>"; };
		9D11719C24769F85003949DB /* WeatherRequestParameters.swift */ = {isa = PBXFileReference; lastKnownFileType = sourcecode.swift; path = WeatherRequestParameters.swift; sourceTree = "<group>"; };
		9D1177E22476F478003949DB /* HeaderView.swift */ = {isa = PBXFileReference; lastKnownFileType = sourcecode.swift; path = HeaderView.swift; sourceTree = "<group>"; };
		9D11FD0C2498F943002C2387 /* SymbolString.swift */ = {isa = PBXFileReference; lastKnownFileType = sourcecode.swift; path = SymbolString.swift; sourceTree = "<group>"; };
		9D13A90C248ECB9000613184 /* DailyForecast.swift */ = {isa = PBXFileReference; lastKnownFileType = sourcecode.swift; path = DailyForecast.swift; sourceTree = "<group>"; };
		9D13A90E248EDA1C00613184 /* HourlyForecast.swift */ = {isa = PBXFileReference; lastKnownFileType = sourcecode.swift; path = HourlyForecast.swift; sourceTree = "<group>"; };
		9D186912249AC61000D8978B /* WeatherIconView.swift */ = {isa = PBXFileReference; lastKnownFileType = sourcecode.swift; path = WeatherIconView.swift; sourceTree = "<group>"; };
		9D1D910F24A5F84000AB3E46 /* Double+Extensions.swift */ = {isa = PBXFileReference; lastKnownFileType = sourcecode.swift; path = "Double+Extensions.swift"; sourceTree = "<group>"; };
		9D24E42D250FB4C0003273CD /* LocationPageViewControllerDataSource.swift */ = {isa = PBXFileReference; lastKnownFileType = sourcecode.swift; path = LocationPageViewControllerDataSource.swift; sourceTree = "<group>"; };
		9D2BF7BF245B3F1500ED3207 /* HomeCoordinator.swift */ = {isa = PBXFileReference; lastKnownFileType = sourcecode.swift; path = HomeCoordinator.swift; sourceTree = "<group>"; };
		9D3381B724E6E0FE00A44A52 /* LocationErrorView.swift */ = {isa = PBXFileReference; lastKnownFileType = sourcecode.swift; path = LocationErrorView.swift; sourceTree = "<group>"; };
		9D3E7E61248A8C8C00A4A248 /* Observable.swift */ = {isa = PBXFileReference; lastKnownFileType = sourcecode.swift; path = Observable.swift; sourceTree = "<group>"; };
		9D3E7E63248AA97400A4A248 /* CLLocationCoordinate2D+Extensions.swift */ = {isa = PBXFileReference; lastKnownFileType = sourcecode.swift; path = "CLLocationCoordinate2D+Extensions.swift"; sourceTree = "<group>"; };
		9D4AC1F324C49BE900A9C6B7 /* SearchModel.swift */ = {isa = PBXFileReference; lastKnownFileType = sourcecode.swift; path = SearchModel.swift; sourceTree = "<group>"; };
		9D5241552486ECF1005A8F1A /* LocationViewModel.swift */ = {isa = PBXFileReference; lastKnownFileType = sourcecode.swift; path = LocationViewModel.swift; sourceTree = "<group>"; };
		9D53269F24B7AE06008B92B8 /* Suggestion.swift */ = {isa = PBXFileReference; lastKnownFileType = sourcecode.swift; path = Suggestion.swift; sourceTree = "<group>"; };
		9D5326A124B7C051008B92B8 /* ExampleSuggestionCall.json */ = {isa = PBXFileReference; lastKnownFileType = text.json; path = ExampleSuggestionCall.json; sourceTree = "<group>"; };
		9D657A5924AA14CC0041D0A1 /* RGBLoadingView.swift */ = {isa = PBXFileReference; lastKnownFileType = sourcecode.swift; path = RGBLoadingView.swift; sourceTree = "<group>"; };
		9D76541024B8B443008B5A17 /* SearchViewModel.swift */ = {isa = PBXFileReference; lastKnownFileType = sourcecode.swift; path = SearchViewModel.swift; sourceTree = "<group>"; };
		9D7AD5A6250C1455001A80F7 /* ImageView.swift */ = {isa = PBXFileReference; lastKnownFileType = sourcecode.swift; path = ImageView.swift; sourceTree = "<group>"; };
		9D7E10F62473291800B06C1C /* WeatherAPI.swift */ = {isa = PBXFileReference; lastKnownFileType = sourcecode.swift; path = WeatherAPI.swift; sourceTree = "<group>"; };
		9D7E10F82473297100B06C1C /* API.swift */ = {isa = PBXFileReference; lastKnownFileType = sourcecode.swift; path = API.swift; sourceTree = "<group>"; };
		9D8CBB0C24C4BB2C0027C37E /* LocationModel.swift */ = {isa = PBXFileReference; lastKnownFileType = sourcecode.swift; path = LocationModel.swift; sourceTree = "<group>"; };
		9D90936C2575AF5A00AFB494 /* NoLocationViewController.swift */ = {isa = PBXFileReference; lastKnownFileType = sourcecode.swift; path = NoLocationViewController.swift; sourceTree = "<group>"; };
		9D962BBA255EED83002BFCED /* FadeInAnimationController.swift */ = {isa = PBXFileReference; lastKnownFileType = sourcecode.swift; path = FadeInAnimationController.swift; sourceTree = "<group>"; };
		9D962BBF255F16DA002BFCED /* HomeFactory.swift */ = {isa = PBXFileReference; lastKnownFileType = sourcecode.swift; path = HomeFactory.swift; sourceTree = "<group>"; };
		9D99F2FC24DC182A00C262A9 /* DeviceLocationProvider.swift */ = {isa = PBXFileReference; lastKnownFileType = sourcecode.swift; path = DeviceLocationProvider.swift; sourceTree = "<group>"; };
		9D9C200124B505CE0013AD72 /* SuggestionsService.swift */ = {isa = PBXFileReference; lastKnownFileType = sourcecode.swift; path = SuggestionsService.swift; sourceTree = "<group>"; };
		9D9C200324B506330013AD72 /* SuggestionsAPI.swift */ = {isa = PBXFileReference; lastKnownFileType = sourcecode.swift; path = SuggestionsAPI.swift; sourceTree = "<group>"; };
		9D9C200524B5082A0013AD72 /* SuggestionsResponse.swift */ = {isa = PBXFileReference; lastKnownFileType = sourcecode.swift; path = SuggestionsResponse.swift; sourceTree = "<group>"; };
		9D9DC64A247FF2370005E4CB /* Localizable.strings */ = {isa = PBXFileReference; lastKnownFileType = text.plist.strings; path = Localizable.strings; sourceTree = "<group>"; };
		9DAABF6B24A3E82500AC17E6 /* DayCollectionViewDataSource.swift */ = {isa = PBXFileReference; lastKnownFileType = sourcecode.swift; path = DayCollectionViewDataSource.swift; sourceTree = "<group>"; };
		9DAB019C2479A8BF005ED04C /* LocationViewController.swift */ = {isa = PBXFileReference; lastKnownFileType = sourcecode.swift; path = LocationViewController.swift; sourceTree = "<group>"; };
		9DAE20172493DA9600B2C284 /* ForecastCollectionViewDataSource.swift */ = {isa = PBXFileReference; lastKnownFileType = sourcecode.swift; path = ForecastCollectionViewDataSource.swift; sourceTree = "<group>"; };
		9DAE20562493E19900B2C284 /* DailyForecastCollectionViewCell.swift */ = {isa = PBXFileReference; lastKnownFileType = sourcecode.swift; path = DailyForecastCollectionViewCell.swift; sourceTree = "<group>"; };
		9DAE20582493E1BB00B2C284 /* HourlyForecastCollectionViewCell.swift */ = {isa = PBXFileReference; lastKnownFileType = sourcecode.swift; path = HourlyForecastCollectionViewCell.swift; sourceTree = "<group>"; };
		9DAE205C2493FAD400B2C284 /* DayCollectionViewCell.swift */ = {isa = PBXFileReference; lastKnownFileType = sourcecode.swift; path = DayCollectionViewCell.swift; sourceTree = "<group>"; };
		9DAEA0EE24AD165D00409D9F /* SearchViewController.swift */ = {isa = PBXFileReference; lastKnownFileType = sourcecode.swift; path = SearchViewController.swift; sourceTree = "<group>"; };
		9DB9A36C24F047F5008BC59B /* HomeViewModel.swift */ = {isa = PBXFileReference; lastKnownFileType = sourcecode.swift; path = HomeViewModel.swift; sourceTree = "<group>"; };
		9DBD7D6F247822F100763647 /* SnapKit.framework */ = {isa = PBXFileReference; lastKnownFileType = wrapper.framework; name = SnapKit.framework; path = Carthage/Build/iOS/SnapKit.framework; sourceTree = "<group>"; };
		9DBE45D324C5FC9400E1CB11 /* PaddableTextField.swift */ = {isa = PBXFileReference; lastKnownFileType = sourcecode.swift; path = PaddableTextField.swift; sourceTree = "<group>"; };
		9DC1957F2572E6A1002E367B /* String+Extensions.swift */ = {isa = PBXFileReference; lastKnownFileType = sourcecode.swift; path = "String+Extensions.swift"; sourceTree = "<group>"; };
		9DC563F8245C734600A0C8CD /* HomeViewController.swift */ = {isa = PBXFileReference; lastKnownFileType = sourcecode.swift; path = HomeViewController.swift; sourceTree = "<group>"; };
		9DD3C1B02576DDAD00A29AB8 /* WeatherAppTests.xctest */ = {isa = PBXFileReference; explicitFileType = wrapper.cfbundle; includeInIndex = 0; path = WeatherAppTests.xctest; sourceTree = BUILT_PRODUCTS_DIR; };
		9DD3C1B22576DDAD00A29AB8 /* WeatherAppTests.swift */ = {isa = PBXFileReference; lastKnownFileType = sourcecode.swift; path = WeatherAppTests.swift; sourceTree = "<group>"; };
		9DD3C1B42576DDAD00A29AB8 /* Info.plist */ = {isa = PBXFileReference; lastKnownFileType = text.plist.xml; path = Info.plist; sourceTree = "<group>"; };
		9DDCDEC024D222F500DB814C /* Date+Extensions.swift */ = {isa = PBXFileReference; lastKnownFileType = sourcecode.swift; path = "Date+Extensions.swift"; sourceTree = "<group>"; };
		9DF060FA24B76A3700E8EDDE /* SuggestionsRequestParameters.swift */ = {isa = PBXFileReference; lastKnownFileType = sourcecode.swift; path = SuggestionsRequestParameters.swift; sourceTree = "<group>"; };
		9DF1214524D47BBA001845BD /* Defaults.swift */ = {isa = PBXFileReference; lastKnownFileType = sourcecode.swift; path = Defaults.swift; sourceTree = "<group>"; };
		9DF6984A248169FB00C9BEC8 /* LocationForecast.swift */ = {isa = PBXFileReference; lastKnownFileType = sourcecode.swift; path = LocationForecast.swift; sourceTree = "<group>"; };
		9DF69C17248175C200C9BEC8 /* ExampleWeatherCall.json */ = {isa = PBXFileReference; lastKnownFileType = text.json; path = ExampleWeatherCall.json; sourceTree = "<group>"; };
		9DFC2E9B2561D92900E1908D /* LocationStore.swift */ = {isa = PBXFileReference; lastKnownFileType = sourcecode.swift; path = LocationStore.swift; sourceTree = "<group>"; };
/* End PBXFileReference section */

/* Begin PBXFrameworksBuildPhase section */
		9D0FCB1F245318D70074D005 /* Frameworks */ = {
			isa = PBXFrameworksBuildPhase;
			buildActionMask = 2147483647;
			files = (
				9D5241162486DB0E005A8F1A /* SnapKit.framework in Frameworks */,
			);
			runOnlyForDeploymentPostprocessing = 0;
		};
		9DD3C1AD2576DDAD00A29AB8 /* Frameworks */ = {
			isa = PBXFrameworksBuildPhase;
			buildActionMask = 2147483647;
			files = (
			);
			runOnlyForDeploymentPostprocessing = 0;
		};
/* End PBXFrameworksBuildPhase section */

/* Begin PBXGroup section */
		9D00091C24D5FBE400EDC2D4 /* ReverseGeocoding */ = {
			isa = PBXGroup;
			children = (
				9D00091D24D5FC1200EDC2D4 /* ReverseGeocodingAPI.swift */,
			);
			path = ReverseGeocoding;
			sourceTree = "<group>";
		};
		9D0FCB19245318D70074D005 = {
			isa = PBXGroup;
			children = (
				9D9DC64A247FF2370005E4CB /* Localizable.strings */,
				9DF69C17248175C200C9BEC8 /* ExampleWeatherCall.json */,
				9D5326A124B7C051008B92B8 /* ExampleSuggestionCall.json */,
				9D0FCB24245318D70074D005 /* WeatherApp */,
				9DD3C1B12576DDAD00A29AB8 /* WeatherAppTests */,
				9D0FCB23245318D70074D005 /* Products */,
				9DBD7D6E247822F100763647 /* Frameworks */,
			);
			sourceTree = "<group>";
		};
		9D0FCB23245318D70074D005 /* Products */ = {
			isa = PBXGroup;
			children = (
				9D0FCB22245318D70074D005 /* WeatherApp.app */,
				9DD3C1B02576DDAD00A29AB8 /* WeatherAppTests.xctest */,
			);
			name = Products;
			sourceTree = "<group>";
		};
		9D0FCB24245318D70074D005 /* WeatherApp */ = {
			isa = PBXGroup;
			children = (
				9D0FCB25245318D70074D005 /* AppDelegate.swift */,
				9D0FCB27245318D70074D005 /* SceneDelegate.swift */,
				9D0FCF3A25096CC700334F84 /* Components */,
				9D9C1FFF24B505110013AD72 /* Extensions */,
				9D2BF7BE245B3EF300ED3207 /* Home */,
				9D9C1FF724B502310013AD72 /* Forecast */,
				9D9C1FFD24B504540013AD72 /* Search */,
				9D00091C24D5FBE400EDC2D4 /* ReverseGeocoding */,
				9D0FCF18245331D10074D005 /* Theme */,
				9D0FCF19245331E20074D005 /* Utilities */,
				9D0FCB2E245318D80074D005 /* Assets.xcassets */,
				9D0FCB30245318D80074D005 /* LaunchScreen.storyboard */,
				9D0FCB33245318D80074D005 /* Info.plist */,
			);
			path = WeatherApp;
			sourceTree = "<group>";
		};
		9D0FCF18245331D10074D005 /* Theme */ = {
			isa = PBXGroup;
			children = (
				9D0FCF12245322B50074D005 /* BBCLogoView.swift */,
				9D657A5924AA14CC0041D0A1 /* RGBLoadingView.swift */,
				9D0FCF1624532ED10074D005 /* Theme.swift */,
			);
			path = Theme;
			sourceTree = "<group>";
		};
		9D0FCF19245331E20074D005 /* Utilities */ = {
			isa = PBXGroup;
			children = (
				9D3E7E61248A8C8C00A4A248 /* Observable.swift */,
				9DBE45D324C5FC9400E1CB11 /* PaddableTextField.swift */,
				9D11FD0C2498F943002C2387 /* SymbolString.swift */,
				9DF1214524D47BBA001845BD /* Defaults.swift */,
				9D962BBA255EED83002BFCED /* FadeInAnimationController.swift */,
			);
			path = Utilities;
			sourceTree = "<group>";
		};
		9D0FCF3A25096CC700334F84 /* Components */ = {
			isa = PBXGroup;
			children = (
				9D0FCF3B25096CD800334F84 /* Button.swift */,
				9D7AD5A6250C1455001A80F7 /* ImageView.swift */,
			);
			path = Components;
			sourceTree = "<group>";
		};
		9D2BF7BE245B3EF300ED3207 /* Home */ = {
			isa = PBXGroup;
			children = (
				9D24E42D250FB4C0003273CD /* LocationPageViewControllerDataSource.swift */,
				9D0FCB29245318D70074D005 /* IntroViewController.swift */,
				9D99F2FC24DC182A00C262A9 /* DeviceLocationProvider.swift */,
				9DB9A36C24F047F5008BC59B /* HomeViewModel.swift */,
				9DC563F8245C734600A0C8CD /* HomeViewController.swift */,
				9D962BBF255F16DA002BFCED /* HomeFactory.swift */,
				9D2BF7BF245B3F1500ED3207 /* HomeCoordinator.swift */,
				9D1177E22476F478003949DB /* HeaderView.swift */,
			);
			path = Home;
			sourceTree = "<group>";
		};
		9D7E10F5247328F800B06C1C /* Services */ = {
			isa = PBXGroup;
			children = (
				9D7E10F82473297100B06C1C /* API.swift */,
				9D7E10F62473291800B06C1C /* WeatherAPI.swift */,
				9D11719824759109003949DB /* WeatherService.swift */,
				9D11719C24769F85003949DB /* WeatherRequestParameters.swift */,
				9D11719A24759264003949DB /* WeatherResponse.swift */,
			);
			path = Services;
			sourceTree = "<group>";
		};
		9D9C1FF724B502310013AD72 /* Forecast */ = {
			isa = PBXGroup;
			children = (
				9D9C1FF824B5030E0013AD72 /* Views */,
				9D9C1FF924B5032E0013AD72 /* ViewControllers */,
				9D9C1FFC24B5038F0013AD72 /* Data Sources */,
				9D9C1FFB24B5035A0013AD72 /* ViewModels */,
				9D9C1FFA24B5034A0013AD72 /* Models */,
				9D7E10F5247328F800B06C1C /* Services */,
			);
			path = Forecast;
			sourceTree = "<group>";
		};
		9D9C1FF824B5030E0013AD72 /* Views */ = {
			isa = PBXGroup;
			children = (
				9D0871B1247BF24500DA520C /* LocationView.swift */,
				9D90936C2575AF5A00AFB494 /* NoLocationViewController.swift */,
				9D3381B724E6E0FE00A44A52 /* LocationErrorView.swift */,
				9D186912249AC61000D8978B /* WeatherIconView.swift */,
				9DAE205C2493FAD400B2C284 /* DayCollectionViewCell.swift */,
				9DAE20562493E19900B2C284 /* DailyForecastCollectionViewCell.swift */,
				9DAE20582493E1BB00B2C284 /* HourlyForecastCollectionViewCell.swift */,
			);
			path = Views;
			sourceTree = "<group>";
		};
		9D9C1FF924B5032E0013AD72 /* ViewControllers */ = {
			isa = PBXGroup;
			children = (
				9DAB019C2479A8BF005ED04C /* LocationViewController.swift */,
			);
			path = ViewControllers;
			sourceTree = "<group>";
		};
		9D9C1FFA24B5034A0013AD72 /* Models */ = {
			isa = PBXGroup;
			children = (
				9DF6984A248169FB00C9BEC8 /* LocationForecast.swift */,
				9D8CBB0C24C4BB2C0027C37E /* LocationModel.swift */,
				9D13A90C248ECB9000613184 /* DailyForecast.swift */,
				9D13A90E248EDA1C00613184 /* HourlyForecast.swift */,
				9DFC2E9B2561D92900E1908D /* LocationStore.swift */,
			);
			path = Models;
			sourceTree = "<group>";
		};
		9D9C1FFB24B5035A0013AD72 /* ViewModels */ = {
			isa = PBXGroup;
			children = (
				9D5241552486ECF1005A8F1A /* LocationViewModel.swift */,
			);
			path = ViewModels;
			sourceTree = "<group>";
		};
		9D9C1FFC24B5038F0013AD72 /* Data Sources */ = {
			isa = PBXGroup;
			children = (
				9DAE20172493DA9600B2C284 /* ForecastCollectionViewDataSource.swift */,
				9DAABF6B24A3E82500AC17E6 /* DayCollectionViewDataSource.swift */,
			);
			path = "Data Sources";
			sourceTree = "<group>";
		};
		9D9C1FFD24B504540013AD72 /* Search */ = {
			isa = PBXGroup;
			children = (
				9D9C200024B505BB0013AD72 /* Services */,
				9D9C1FFE24B504E00013AD72 /* ViewControllers */,
			);
			path = Search;
			sourceTree = "<group>";
		};
		9D9C1FFE24B504E00013AD72 /* ViewControllers */ = {
			isa = PBXGroup;
			children = (
				9D4AC1F324C49BE900A9C6B7 /* SearchModel.swift */,
				9D76541024B8B443008B5A17 /* SearchViewModel.swift */,
				9DAEA0EE24AD165D00409D9F /* SearchViewController.swift */,
			);
			path = ViewControllers;
			sourceTree = "<group>";
		};
		9D9C1FFF24B505110013AD72 /* Extensions */ = {
			isa = PBXGroup;
			children = (
				9D0FCF14245329A20074D005 /* UIColor+Extensions.swift */,
				9D3E7E63248AA97400A4A248 /* CLLocationCoordinate2D+Extensions.swift */,
				9D0888BB249CF13F00E619FD /* UIView+Extensions.swift */,
				9D1D910F24A5F84000AB3E46 /* Double+Extensions.swift */,
				9DDCDEC024D222F500DB814C /* Date+Extensions.swift */,
				9DC1957F2572E6A1002E367B /* String+Extensions.swift */,
			);
			path = Extensions;
			sourceTree = "<group>";
		};
		9D9C200024B505BB0013AD72 /* Services */ = {
			isa = PBXGroup;
			children = (
				9D9C200324B506330013AD72 /* SuggestionsAPI.swift */,
				9D53269F24B7AE06008B92B8 /* Suggestion.swift */,
				9D9C200124B505CE0013AD72 /* SuggestionsService.swift */,
				9D9C200524B5082A0013AD72 /* SuggestionsResponse.swift */,
				9DF060FA24B76A3700E8EDDE /* SuggestionsRequestParameters.swift */,
			);
			path = Services;
			sourceTree = "<group>";
		};
		9DBD7D6E247822F100763647 /* Frameworks */ = {
			isa = PBXGroup;
			children = (
				9DBD7D6F247822F100763647 /* SnapKit.framework */,
			);
			name = Frameworks;
			sourceTree = "<group>";
		};
		9DD3C1B12576DDAD00A29AB8 /* WeatherAppTests */ = {
			isa = PBXGroup;
			children = (
				9DD3C1B22576DDAD00A29AB8 /* WeatherAppTests.swift */,
				9DD3C1B42576DDAD00A29AB8 /* Info.plist */,
			);
			path = WeatherAppTests;
			sourceTree = "<group>";
		};
/* End PBXGroup section */

/* Begin PBXNativeTarget section */
		9D0FCB21245318D70074D005 /* WeatherApp */ = {
			isa = PBXNativeTarget;
			buildConfigurationList = 9D0FCB41245318D80074D005 /* Build configuration list for PBXNativeTarget "WeatherApp" */;
			buildPhases = (
				9D0FCB1E245318D70074D005 /* Sources */,
				9D0FCB1F245318D70074D005 /* Frameworks */,
				9D0FCB20245318D70074D005 /* Resources */,
				9D5241182486DB0E005A8F1A /* Embed Frameworks */,
			);
			buildRules = (
			);
			dependencies = (
			);
			name = WeatherApp;
			productName = WeatherApp;
			productReference = 9D0FCB22245318D70074D005 /* WeatherApp.app */;
			productType = "com.apple.product-type.application";
		};
		9DD3C1AF2576DDAD00A29AB8 /* WeatherAppTests */ = {
			isa = PBXNativeTarget;
			buildConfigurationList = 9DD3C1B92576DDAD00A29AB8 /* Build configuration list for PBXNativeTarget "WeatherAppTests" */;
			buildPhases = (
				9DD3C1AC2576DDAD00A29AB8 /* Sources */,
				9DD3C1AD2576DDAD00A29AB8 /* Frameworks */,
				9DD3C1AE2576DDAD00A29AB8 /* Resources */,
			);
			buildRules = (
			);
			dependencies = (
				9DD3C1B62576DDAD00A29AB8 /* PBXTargetDependency */,
			);
			name = WeatherAppTests;
			productName = WeatherAppTests;
			productReference = 9DD3C1B02576DDAD00A29AB8 /* WeatherAppTests.xctest */;
			productType = "com.apple.product-type.bundle.unit-test";
		};
/* End PBXNativeTarget section */

/* Begin PBXProject section */
		9D0FCB1A245318D70074D005 /* Project object */ = {
			isa = PBXProject;
			attributes = {
				LastSwiftUpdateCheck = 1220;
				LastUpgradeCheck = 1220;
				ORGANIZATIONNAME = "David Ludlow";
				TargetAttributes = {
					9D0FCB21245318D70074D005 = {
						CreatedOnToolsVersion = 11.3.1;
					};
					9DD3C1AF2576DDAD00A29AB8 = {
						CreatedOnToolsVersion = 12.2;
						TestTargetID = 9D0FCB21245318D70074D005;
					};
				};
			};
			buildConfigurationList = 9D0FCB1D245318D70074D005 /* Build configuration list for PBXProject "WeatherApp" */;
			compatibilityVersion = "Xcode 9.3";
			developmentRegion = en;
			hasScannedForEncodings = 0;
			knownRegions = (
				en,
				Base,
			);
			mainGroup = 9D0FCB19245318D70074D005;
			productRefGroup = 9D0FCB23245318D70074D005 /* Products */;
			projectDirPath = "";
			projectRoot = "";
			targets = (
				9D0FCB21245318D70074D005 /* WeatherApp */,
				9DD3C1AF2576DDAD00A29AB8 /* WeatherAppTests */,
			);
		};
/* End PBXProject section */

/* Begin PBXResourcesBuildPhase section */
		9D0FCB20245318D70074D005 /* Resources */ = {
			isa = PBXResourcesBuildPhase;
			buildActionMask = 2147483647;
			files = (
				9D5326A224B7C051008B92B8 /* ExampleSuggestionCall.json in Resources */,
				9D0FCB32245318D80074D005 /* LaunchScreen.storyboard in Resources */,
				9D9DC64B247FF2370005E4CB /* Localizable.strings in Resources */,
				9D0FCB2F245318D80074D005 /* Assets.xcassets in Resources */,
				9DF69C18248175C200C9BEC8 /* ExampleWeatherCall.json in Resources */,
			);
			runOnlyForDeploymentPostprocessing = 0;
		};
		9DD3C1AE2576DDAD00A29AB8 /* Resources */ = {
			isa = PBXResourcesBuildPhase;
			buildActionMask = 2147483647;
			files = (
			);
			runOnlyForDeploymentPostprocessing = 0;
		};
/* End PBXResourcesBuildPhase section */

/* Begin PBXSourcesBuildPhase section */
		9D0FCB1E245318D70074D005 /* Sources */ = {
			isa = PBXSourcesBuildPhase;
			buildActionMask = 2147483647;
			files = (
				9D7E10F72473291800B06C1C /* WeatherAPI.swift in Sources */,
				9DAB019D2479A8BF005ED04C /* LocationViewController.swift in Sources */,
				9D13A90D248ECB9000613184 /* DailyForecast.swift in Sources */,
				9DB9A36D24F047F5008BC59B /* HomeViewModel.swift in Sources */,
				9D7AD5A7250C1455001A80F7 /* ImageView.swift in Sources */,
				9DAABF6C24A3E82500AC17E6 /* DayCollectionViewDataSource.swift in Sources */,
				9D0FCB2A245318D70074D005 /* IntroViewController.swift in Sources */,
				9D3E7E64248AA97400A4A248 /* CLLocationCoordinate2D+Extensions.swift in Sources */,
				9DF060FB24B76A3700E8EDDE /* SuggestionsRequestParameters.swift in Sources */,
				9D2BF7C0245B3F1500ED3207 /* HomeCoordinator.swift in Sources */,
				9D9C200224B505CE0013AD72 /* SuggestionsService.swift in Sources */,
				9D0888BC249CF14000E619FD /* UIView+Extensions.swift in Sources */,
				9DFC2E9C2561D92900E1908D /* LocationStore.swift in Sources */,
				9D0FCF3C25096CD800334F84 /* Button.swift in Sources */,
				9DF6984B248169FB00C9BEC8 /* LocationForecast.swift in Sources */,
				9D76541124B8B443008B5A17 /* SearchViewModel.swift in Sources */,
				9D9C200624B5082A0013AD72 /* SuggestionsResponse.swift in Sources */,
				9D1D911024A5F84000AB3E46 /* Double+Extensions.swift in Sources */,
				9D657A5A24AA14CC0041D0A1 /* RGBLoadingView.swift in Sources */,
				9D186913249AC61000D8978B /* WeatherIconView.swift in Sources */,
				9D5241562486ECF1005A8F1A /* LocationViewModel.swift in Sources */,
				9DAE205D2493FAD400B2C284 /* DayCollectionViewCell.swift in Sources */,
				9D0FCF15245329A20074D005 /* UIColor+Extensions.swift in Sources */,
				9D8CBB0D24C4BB2C0027C37E /* LocationModel.swift in Sources */,
				9DAEA0EF24AD165D00409D9F /* SearchViewController.swift in Sources */,
				9D5326A024B7AE06008B92B8 /* Suggestion.swift in Sources */,
				9D962BBB255EED83002BFCED /* FadeInAnimationController.swift in Sources */,
				9D11719924759109003949DB /* WeatherService.swift in Sources */,
				9D11719B24759264003949DB /* WeatherResponse.swift in Sources */,
				9DAE20592493E1BB00B2C284 /* HourlyForecastCollectionViewCell.swift in Sources */,
				9D3E7E62248A8C8C00A4A248 /* Observable.swift in Sources */,
				9D13A90F248EDA1C00613184 /* HourlyForecast.swift in Sources */,
				9D4AC1F424C49BE900A9C6B7 /* SearchModel.swift in Sources */,
				9DAE20572493E19900B2C284 /* DailyForecastCollectionViewCell.swift in Sources */,
				9D0871B2247BF24500DA520C /* LocationView.swift in Sources */,
				9D99F2FD24DC182A00C262A9 /* DeviceLocationProvider.swift in Sources */,
				9D7E10F92473297100B06C1C /* API.swift in Sources */,
				9D0FCB26245318D70074D005 /* AppDelegate.swift in Sources */,
				9D90936D2575AF5A00AFB494 /* NoLocationViewController.swift in Sources */,
				9D00091E24D5FC1200EDC2D4 /* ReverseGeocodingAPI.swift in Sources */,
				9DDE0BF4256D84AB0050166B /* LocationPageViewControllerDataSource.swift in Sources */,
				9DBE45D424C5FC9400E1CB11 /* PaddableTextField.swift in Sources */,
				9D0FCF1724532ED10074D005 /* Theme.swift in Sources */,
				9DC563F9245C734600A0C8CD /* HomeViewController.swift in Sources */,
				9D9C200424B506330013AD72 /* SuggestionsAPI.swift in Sources */,
				9D3381B824E6E0FE00A44A52 /* LocationErrorView.swift in Sources */,
				9DC195802572E6A1002E367B /* String+Extensions.swift in Sources */,
				9DDCDEC124D222F500DB814C /* Date+Extensions.swift in Sources */,
				9D11FD0D2498F943002C2387 /* SymbolString.swift in Sources */,
				9D0FCB28245318D70074D005 /* SceneDelegate.swift in Sources */,
				9DF1214624D47BBA001845BD /* Defaults.swift in Sources */,
				9D11719D24769F85003949DB /* WeatherRequestParameters.swift in Sources */,
				9DAE20182493DA9600B2C284 /* ForecastCollectionViewDataSource.swift in Sources */,
				9D0FCF13245322B50074D005 /* BBCLogoView.swift in Sources */,
				9D962BC0255F16DA002BFCED /* HomeFactory.swift in Sources */,
				9D1177E32476F478003949DB /* HeaderView.swift in Sources */,
			);
			runOnlyForDeploymentPostprocessing = 0;
		};
		9DD3C1AC2576DDAD00A29AB8 /* Sources */ = {
			isa = PBXSourcesBuildPhase;
			buildActionMask = 2147483647;
			files = (
				9DD3C1B32576DDAD00A29AB8 /* WeatherAppTests.swift in Sources */,
			);
			runOnlyForDeploymentPostprocessing = 0;
		};
/* End PBXSourcesBuildPhase section */

/* Begin PBXTargetDependency section */
		9DD3C1B62576DDAD00A29AB8 /* PBXTargetDependency */ = {
			isa = PBXTargetDependency;
			target = 9D0FCB21245318D70074D005 /* WeatherApp */;
			targetProxy = 9DD3C1B52576DDAD00A29AB8 /* PBXContainerItemProxy */;
		};
/* End PBXTargetDependency section */

/* Begin PBXVariantGroup section */
		9D0FCB30245318D80074D005 /* LaunchScreen.storyboard */ = {
			isa = PBXVariantGroup;
			children = (
				9D0FCB31245318D80074D005 /* Base */,
			);
			name = LaunchScreen.storyboard;
			sourceTree = "<group>";
		};
/* End PBXVariantGroup section */

/* Begin XCBuildConfiguration section */
		9D0FCB3F245318D80074D005 /* Debug */ = {
			isa = XCBuildConfiguration;
			buildSettings = {
				ALWAYS_SEARCH_USER_PATHS = NO;
				CLANG_ANALYZER_NONNULL = YES;
				CLANG_ANALYZER_NUMBER_OBJECT_CONVERSION = YES_AGGRESSIVE;
				CLANG_CXX_LANGUAGE_STANDARD = "gnu++14";
				CLANG_CXX_LIBRARY = "libc++";
				CLANG_ENABLE_MODULES = YES;
				CLANG_ENABLE_OBJC_ARC = YES;
				CLANG_ENABLE_OBJC_WEAK = YES;
				CLANG_WARN_BLOCK_CAPTURE_AUTORELEASING = YES;
				CLANG_WARN_BOOL_CONVERSION = YES;
				CLANG_WARN_COMMA = YES;
				CLANG_WARN_CONSTANT_CONVERSION = YES;
				CLANG_WARN_DEPRECATED_OBJC_IMPLEMENTATIONS = YES;
				CLANG_WARN_DIRECT_OBJC_ISA_USAGE = YES_ERROR;
				CLANG_WARN_DOCUMENTATION_COMMENTS = YES;
				CLANG_WARN_EMPTY_BODY = YES;
				CLANG_WARN_ENUM_CONVERSION = YES;
				CLANG_WARN_INFINITE_RECURSION = YES;
				CLANG_WARN_INT_CONVERSION = YES;
				CLANG_WARN_NON_LITERAL_NULL_CONVERSION = YES;
				CLANG_WARN_OBJC_IMPLICIT_RETAIN_SELF = YES;
				CLANG_WARN_OBJC_LITERAL_CONVERSION = YES;
				CLANG_WARN_OBJC_ROOT_CLASS = YES_ERROR;
				CLANG_WARN_QUOTED_INCLUDE_IN_FRAMEWORK_HEADER = YES;
				CLANG_WARN_RANGE_LOOP_ANALYSIS = YES;
				CLANG_WARN_STRICT_PROTOTYPES = YES;
				CLANG_WARN_SUSPICIOUS_MOVE = YES;
				CLANG_WARN_UNGUARDED_AVAILABILITY = YES_AGGRESSIVE;
				CLANG_WARN_UNREACHABLE_CODE = YES;
				CLANG_WARN__DUPLICATE_METHOD_MATCH = YES;
				COPY_PHASE_STRIP = NO;
				DEBUG_INFORMATION_FORMAT = dwarf;
				ENABLE_STRICT_OBJC_MSGSEND = YES;
				ENABLE_TESTABILITY = YES;
				GCC_C_LANGUAGE_STANDARD = gnu11;
				GCC_DYNAMIC_NO_PIC = NO;
				GCC_NO_COMMON_BLOCKS = YES;
				GCC_OPTIMIZATION_LEVEL = 0;
				GCC_PREPROCESSOR_DEFINITIONS = (
					"DEBUG=1",
					"$(inherited)",
				);
				GCC_WARN_64_TO_32_BIT_CONVERSION = YES;
				GCC_WARN_ABOUT_RETURN_TYPE = YES_ERROR;
				GCC_WARN_UNDECLARED_SELECTOR = YES;
				GCC_WARN_UNINITIALIZED_AUTOS = YES_AGGRESSIVE;
				GCC_WARN_UNUSED_FUNCTION = YES;
				GCC_WARN_UNUSED_VARIABLE = YES;
				IPHONEOS_DEPLOYMENT_TARGET = 13.2;
				MTL_ENABLE_DEBUG_INFO = INCLUDE_SOURCE;
				MTL_FAST_MATH = YES;
				ONLY_ACTIVE_ARCH = YES;
				SDKROOT = iphoneos;
				SWIFT_ACTIVE_COMPILATION_CONDITIONS = DEBUG;
				SWIFT_OPTIMIZATION_LEVEL = "-Onone";
			};
			name = Debug;
		};
		9D0FCB40245318D80074D005 /* Release */ = {
			isa = XCBuildConfiguration;
			buildSettings = {
				ALWAYS_SEARCH_USER_PATHS = NO;
				CLANG_ANALYZER_NONNULL = YES;
				CLANG_ANALYZER_NUMBER_OBJECT_CONVERSION = YES_AGGRESSIVE;
				CLANG_CXX_LANGUAGE_STANDARD = "gnu++14";
				CLANG_CXX_LIBRARY = "libc++";
				CLANG_ENABLE_MODULES = YES;
				CLANG_ENABLE_OBJC_ARC = YES;
				CLANG_ENABLE_OBJC_WEAK = YES;
				CLANG_WARN_BLOCK_CAPTURE_AUTORELEASING = YES;
				CLANG_WARN_BOOL_CONVERSION = YES;
				CLANG_WARN_COMMA = YES;
				CLANG_WARN_CONSTANT_CONVERSION = YES;
				CLANG_WARN_DEPRECATED_OBJC_IMPLEMENTATIONS = YES;
				CLANG_WARN_DIRECT_OBJC_ISA_USAGE = YES_ERROR;
				CLANG_WARN_DOCUMENTATION_COMMENTS = YES;
				CLANG_WARN_EMPTY_BODY = YES;
				CLANG_WARN_ENUM_CONVERSION = YES;
				CLANG_WARN_INFINITE_RECURSION = YES;
				CLANG_WARN_INT_CONVERSION = YES;
				CLANG_WARN_NON_LITERAL_NULL_CONVERSION = YES;
				CLANG_WARN_OBJC_IMPLICIT_RETAIN_SELF = YES;
				CLANG_WARN_OBJC_LITERAL_CONVERSION = YES;
				CLANG_WARN_OBJC_ROOT_CLASS = YES_ERROR;
				CLANG_WARN_QUOTED_INCLUDE_IN_FRAMEWORK_HEADER = YES;
				CLANG_WARN_RANGE_LOOP_ANALYSIS = YES;
				CLANG_WARN_STRICT_PROTOTYPES = YES;
				CLANG_WARN_SUSPICIOUS_MOVE = YES;
				CLANG_WARN_UNGUARDED_AVAILABILITY = YES_AGGRESSIVE;
				CLANG_WARN_UNREACHABLE_CODE = YES;
				CLANG_WARN__DUPLICATE_METHOD_MATCH = YES;
				COPY_PHASE_STRIP = NO;
				DEBUG_INFORMATION_FORMAT = "dwarf-with-dsym";
				ENABLE_NS_ASSERTIONS = NO;
				ENABLE_STRICT_OBJC_MSGSEND = YES;
				GCC_C_LANGUAGE_STANDARD = gnu11;
				GCC_NO_COMMON_BLOCKS = YES;
				GCC_WARN_64_TO_32_BIT_CONVERSION = YES;
				GCC_WARN_ABOUT_RETURN_TYPE = YES_ERROR;
				GCC_WARN_UNDECLARED_SELECTOR = YES;
				GCC_WARN_UNINITIALIZED_AUTOS = YES_AGGRESSIVE;
				GCC_WARN_UNUSED_FUNCTION = YES;
				GCC_WARN_UNUSED_VARIABLE = YES;
				IPHONEOS_DEPLOYMENT_TARGET = 13.2;
				MTL_ENABLE_DEBUG_INFO = NO;
				MTL_FAST_MATH = YES;
				SDKROOT = iphoneos;
				SWIFT_COMPILATION_MODE = wholemodule;
				SWIFT_OPTIMIZATION_LEVEL = "-O";
				VALIDATE_PRODUCT = YES;
			};
			name = Release;
		};
		9D0FCB42245318D80074D005 /* Debug */ = {
			isa = XCBuildConfiguration;
			buildSettings = {
				ASSETCATALOG_COMPILER_APPICON_NAME = AppIcon;
				CODE_SIGN_STYLE = Automatic;
				DEVELOPMENT_TEAM = 8LH8BV5L45;
				FRAMEWORK_SEARCH_PATHS = (
					"$(inherited)",
					"$(PROJECT_DIR)/Carthage/Build/iOS",
				);
				INFOPLIST_FILE = WeatherApp/Info.plist;
				LD_RUNPATH_SEARCH_PATHS = (
					"$(inherited)",
					"@executable_path/Frameworks",
				);
				PRODUCT_BUNDLE_IDENTIFIER = com.dludlow7.WeatherApp;
				PRODUCT_NAME = "$(TARGET_NAME)";
				SWIFT_VERSION = 5.0;
				TARGETED_DEVICE_FAMILY = 1;
			};
			name = Debug;
		};
		9D0FCB43245318D80074D005 /* Release */ = {
			isa = XCBuildConfiguration;
			buildSettings = {
				ASSETCATALOG_COMPILER_APPICON_NAME = AppIcon;
				CODE_SIGN_STYLE = Automatic;
				DEVELOPMENT_TEAM = 8LH8BV5L45;
				FRAMEWORK_SEARCH_PATHS = (
					"$(inherited)",
					"$(PROJECT_DIR)/Carthage/Build/iOS",
				);
				INFOPLIST_FILE = WeatherApp/Info.plist;
				LD_RUNPATH_SEARCH_PATHS = (
					"$(inherited)",
					"@executable_path/Frameworks",
				);
				PRODUCT_BUNDLE_IDENTIFIER = com.dludlow7.WeatherApp;
				PRODUCT_NAME = "$(TARGET_NAME)";
				SWIFT_VERSION = 5.0;
				TARGETED_DEVICE_FAMILY = 1;
			};
			name = Release;
		};
		9DD3C1B72576DDAD00A29AB8 /* Debug */ = {
			isa = XCBuildConfiguration;
			buildSettings = {
				BUNDLE_LOADER = "$(TEST_HOST)";
				CODE_SIGN_STYLE = Automatic;
				DEVELOPMENT_TEAM = 8LH8BV5L45;
				INFOPLIST_FILE = WeatherAppTests/Info.plist;
				IPHONEOS_DEPLOYMENT_TARGET = 14.2;
				LD_RUNPATH_SEARCH_PATHS = (
					"$(inherited)",
					"@executable_path/Frameworks",
					"@loader_path/Frameworks",
				);
				PRODUCT_BUNDLE_IDENTIFIER = com.dludlow7.WeatherAppTests;
				PRODUCT_NAME = "$(TARGET_NAME)";
				SWIFT_VERSION = 5.0;
				TARGETED_DEVICE_FAMILY = "1,2";
				TEST_HOST = "$(BUILT_PRODUCTS_DIR)/WeatherApp.app/WeatherApp";
			};
			name = Debug;
		};
		9DD3C1B82576DDAD00A29AB8 /* Release */ = {
			isa = XCBuildConfiguration;
			buildSettings = {
				BUNDLE_LOADER = "$(TEST_HOST)";
				CODE_SIGN_STYLE = Automatic;
				DEVELOPMENT_TEAM = 8LH8BV5L45;
				INFOPLIST_FILE = WeatherAppTests/Info.plist;
				IPHONEOS_DEPLOYMENT_TARGET = 14.2;
				LD_RUNPATH_SEARCH_PATHS = (
					"$(inherited)",
					"@executable_path/Frameworks",
					"@loader_path/Frameworks",
				);
				PRODUCT_BUNDLE_IDENTIFIER = com.dludlow7.WeatherAppTests;
				PRODUCT_NAME = "$(TARGET_NAME)";
				SWIFT_VERSION = 5.0;
				TARGETED_DEVICE_FAMILY = "1,2";
				TEST_HOST = "$(BUILT_PRODUCTS_DIR)/WeatherApp.app/WeatherApp";
			};
			name = Release;
		};
/* End XCBuildConfiguration section */

/* Begin XCConfigurationList section */
		9D0FCB1D245318D70074D005 /* Build configuration list for PBXProject "WeatherApp" */ = {
			isa = XCConfigurationList;
			buildConfigurations = (
				9D0FCB3F245318D80074D005 /* Debug */,
				9D0FCB40245318D80074D005 /* Release */,
			);
			defaultConfigurationIsVisible = 0;
			defaultConfigurationName = Release;
		};
		9D0FCB41245318D80074D005 /* Build configuration list for PBXNativeTarget "WeatherApp" */ = {
			isa = XCConfigurationList;
			buildConfigurations = (
				9D0FCB42245318D80074D005 /* Debug */,
				9D0FCB43245318D80074D005 /* Release */,
			);
			defaultConfigurationIsVisible = 0;
			defaultConfigurationName = Release;
		};
		9DD3C1B92576DDAD00A29AB8 /* Build configuration list for PBXNativeTarget "WeatherAppTests" */ = {
			isa = XCConfigurationList;
			buildConfigurations = (
				9DD3C1B72576DDAD00A29AB8 /* Debug */,
				9DD3C1B82576DDAD00A29AB8 /* Release */,
			);
			defaultConfigurationIsVisible = 0;
			defaultConfigurationName = Release;
		};
/* End XCConfigurationList section */
	};
	rootObject = 9D0FCB1A245318D70074D005 /* Project object */;
}
